
Microsoft Visual Studio Solution File, Format Version 12.00
# Visual Studio Version 17
VisualStudioVersion = 17.11.35327.3
MinimumVisualStudioVersion = 10.0.40219.1
Project("{FAE04EC0-301F-11D3-BF4B-00C04F79EFBC}") = "UnoXamlApp2", "UnoXamlApp2\UnoXamlApp2.csproj", "{FE8B23DC-4174-4050-9AF9-3E534592A4FD}"
EndProject
Project("{2150E333-8FDC-42A3-9474-1A3956D46DE8}") = "Solution Items", "Solution Items", "{EEA0EF38-3E18-40CE-B46E-9F2D02FA3850}"
	ProjectSection(SolutionItems) = preProject
		.gitignore = .gitignore
		Directory.Build.props = Directory.Build.props
		Directory.Build.targets = Directory.Build.targets
		Directory.Packages.props = Directory.Packages.props
		global.json = global.json
	EndProjectSection
EndProject
Global
	GlobalSection(SolutionConfigurationPlatforms) = preSolution
		Debug|Any CPU = Debug|Any CPU
		Release|Any CPU = Release|Any CPU
	EndGlobalSection
	GlobalSection(ProjectConfigurationPlatforms) = postSolution
		{FE8B23DC-4174-4050-9AF9-3E534592A4FD}.Debug|Any CPU.ActiveCfg = Debug|Any CPU
		{FE8B23DC-4174-4050-9AF9-3E534592A4FD}.Debug|Any CPU.Build.0 = Debug|Any CPU
		{FE8B23DC-4174-4050-9AF9-3E534592A4FD}.Debug|Any CPU.Deploy.0 = Debug|Any CPU
		{FE8B23DC-4174-4050-9AF9-3E534592A4FD}.Release|Any CPU.ActiveCfg = Release|Any CPU
		{FE8B23DC-4174-4050-9AF9-3E534592A4FD}.Release|Any CPU.Build.0 = Release|Any CPU
		{FE8B23DC-4174-4050-9AF9-3E534592A4FD}.Release|Any CPU.Deploy.0 = Release|Any CPU
	EndGlobalSection
	GlobalSection(SolutionProperties) = preSolution
		HideSolutionNode = FALSE
	EndGlobalSection
	GlobalSection(ExtensibilityGlobals) = postSolution
		SolutionGuid = {C08F33C1-01A6-4F2D-8FEC-85A993F71969}
	EndGlobalSection
EndGlobal
